// !$*UTF8*$!
{
	archiveVersion = 1;
	classes = {
	};
	objectVersion = 53;
	objects = {

/* Begin PBXBuildFile section */
		57077A60273F0C7000713534 /* robot_note.png in Resources */ = {isa = PBXBuildFile; fileRef = 57077A5E273F0C7000713534 /* robot_note.png */; };
		57077A61273F0C7000713534 /* Group.png in Resources */ = {isa = PBXBuildFile; fileRef = 57077A5F273F0C7000713534 /* Group.png */; };
		57077A63274086C100713534 /* MyMemoriesVC.swift in Sources */ = {isa = PBXBuildFile; fileRef = 57077A62274086C100713534 /* MyMemoriesVC.swift */; };
		57077A65274089B000713534 /* MapKit.framework in Frameworks */ = {isa = PBXBuildFile; fileRef = 57077A64274089B000713534 /* MapKit.framework */; };
		57077A692741653A00713534 /* memories.png in Resources */ = {isa = PBXBuildFile; fileRef = 57077A682741653A00713534 /* memories.png */; };
		571600E727147134002E53B9 /* AppDelegate.swift in Sources */ = {isa = PBXBuildFile; fileRef = 571600E627147134002E53B9 /* AppDelegate.swift */; };
		571600E927147134002E53B9 /* SceneDelegate.swift in Sources */ = {isa = PBXBuildFile; fileRef = 571600E827147134002E53B9 /* SceneDelegate.swift */; };
		571600EE27147134002E53B9 /* Main.storyboard in Resources */ = {isa = PBXBuildFile; fileRef = 571600EC27147134002E53B9 /* Main.storyboard */; };
		571600F127147134002E53B9 /* PocketSong.xcdatamodeld in Sources */ = {isa = PBXBuildFile; fileRef = 571600EF27147134002E53B9 /* PocketSong.xcdatamodeld */; };
		571600F32714713B002E53B9 /* Assets.xcassets in Resources */ = {isa = PBXBuildFile; fileRef = 571600F22714713B002E53B9 /* Assets.xcassets */; };
		571600F62714713B002E53B9 /* LaunchScreen.storyboard in Resources */ = {isa = PBXBuildFile; fileRef = 571600F42714713B002E53B9 /* LaunchScreen.storyboard */; };
		571600FE2714737B002E53B9 /* GoogleService-Info.plist in Resources */ = {isa = PBXBuildFile; fileRef = 571600FD2714737B002E53B9 /* GoogleService-Info.plist */; };
		5716010327148745002E53B9 /* SignInVC.swift in Sources */ = {isa = PBXBuildFile; fileRef = 5716010227148745002E53B9 /* SignInVC.swift */; };
		571DC06C28AF560A0072B387 /* TestVC.swift in Sources */ = {isa = PBXBuildFile; fileRef = 571DC06B28AF560A0072B387 /* TestVC.swift */; };
		5734FEA628B8AC5D00F6ACB9 /* ObserverMediator.swift in Sources */ = {isa = PBXBuildFile; fileRef = 5734FEA528B8AC5D00F6ACB9 /* ObserverMediator.swift */; };
		57428DE028A2C0C300D13ADD /* MyInformationDetailVC.swift in Sources */ = {isa = PBXBuildFile; fileRef = 57428DDF28A2C0C300D13ADD /* MyInformationDetailVC.swift */; };
		57428DE328A3A3A200D13ADD /* MyMemoryAnnotationView.swift in Sources */ = {isa = PBXBuildFile; fileRef = 57428DE228A3A3A200D13ADD /* MyMemoryAnnotationView.swift */; };
		57428DE528A3A90300D13ADD /* ImageCacheManager.swift in Sources */ = {isa = PBXBuildFile; fileRef = 57428DE428A3A90300D13ADD /* ImageCacheManager.swift */; };
		5776EA2C279F160600898387 /* DataController.swift in Sources */ = {isa = PBXBuildFile; fileRef = 5776EA2B279F160600898387 /* DataController.swift */; };
		5776EA2E27A11D8700898387 /* RecordData.swift in Sources */ = {isa = PBXBuildFile; fileRef = 5776EA2D27A11D8700898387 /* RecordData.swift */; };
		5776EA3027A1215E00898387 /* AVFoundation.framework in Frameworks */ = {isa = PBXBuildFile; fileRef = 5776EA2F27A1215E00898387 /* AVFoundation.framework */; };
		5776EA3227A12F3100898387 /* RecordAnnotation.swift in Sources */ = {isa = PBXBuildFile; fileRef = 5776EA3127A12F3100898387 /* RecordAnnotation.swift */; };
		577CBD8D280B494C003B3864 /* NetworkMonitor.swift in Sources */ = {isa = PBXBuildFile; fileRef = 577CBD8C280B494C003B3864 /* NetworkMonitor.swift */; };
		577CBD8F280DC45F003B3864 /* Protocols.swift in Sources */ = {isa = PBXBuildFile; fileRef = 577CBD8E280DC45F003B3864 /* Protocols.swift */; };
		577CBD91280DCD80003B3864 /* Types.swift in Sources */ = {isa = PBXBuildFile; fileRef = 577CBD90280DCD7F003B3864 /* Types.swift */; };
		578868EA28B5093000D825A5 /* Onboarding.storyboard in Resources */ = {isa = PBXBuildFile; fileRef = 578868E928B5093000D825A5 /* Onboarding.storyboard */; };
		578F72DF274180DD00E61F8B /* CatchSongVC.swift in Sources */ = {isa = PBXBuildFile; fileRef = 578F72DE274180DD00E61F8B /* CatchSongVC.swift */; };
		579276DF28AF540C004473AF /* TestStoryboard.storyboard in Resources */ = {isa = PBXBuildFile; fileRef = 579276DE28AF540C004473AF /* TestStoryboard.storyboard */; };
		57A9F6DC28BBAC5800988694 /* PocketSongMyMemories.json in Resources */ = {isa = PBXBuildFile; fileRef = 57A9F6DB28BBAC5800988694 /* PocketSongMyMemories.json */; };
		57AAE02928B77C130075FD1A /* OnboardContentsVC.swift in Sources */ = {isa = PBXBuildFile; fileRef = 57AAE02828B77C130075FD1A /* OnboardContentsVC.swift */; };
		57AAE03028B77D9D0075FD1A /* nUGtQvYzrP.json in Resources */ = {isa = PBXBuildFile; fileRef = 57AAE02B28B77D9C0075FD1A /* nUGtQvYzrP.json */; };
		57AAE03128B77D9D0075FD1A /* BfC3IeHsb3.json in Resources */ = {isa = PBXBuildFile; fileRef = 57AAE02C28B77D9D0075FD1A /* BfC3IeHsb3.json */; };
		57AAE03228B77D9D0075FD1A /* RdASh8Ngay.json in Resources */ = {isa = PBXBuildFile; fileRef = 57AAE02D28B77D9D0075FD1A /* RdASh8Ngay.json */; };
		57AAE03328B77D9D0075FD1A /* 3vlC7BCvOZ.json in Resources */ = {isa = PBXBuildFile; fileRef = 57AAE02E28B77D9D0075FD1A /* 3vlC7BCvOZ.json */; };
		57AAE03428B77D9D0075FD1A /* mMD7Lj4dOP.json in Resources */ = {isa = PBXBuildFile; fileRef = 57AAE02F28B77D9D0075FD1A /* mMD7Lj4dOP.json */; };
		57AAE03628B7834C0075FD1A /* OnboardPageVC.swift in Sources */ = {isa = PBXBuildFile; fileRef = 57AAE03528B7834C0075FD1A /* OnboardPageVC.swift */; };
		57AC2DCA28B663AA0038234B /* FirstTimeCheck.swift in Sources */ = {isa = PBXBuildFile; fileRef = 57AC2DC928B663AA0038234B /* FirstTimeCheck.swift */; };
		57AC2DCC28B666690038234B /* OnboardingVC.swift in Sources */ = {isa = PBXBuildFile; fileRef = 57AC2DCB28B666690038234B /* OnboardingVC.swift */; };
		57AF2D9D27CBF5320082F1BF /* UserRecordTable.swift in Sources */ = {isa = PBXBuildFile; fileRef = 57AF2D9C27CBF5320082F1BF /* UserRecordTable.swift */; };
		57B3359F28C776B40030448C /* Assets.xcassets in Resources */ = {isa = PBXBuildFile; fileRef = 57B3359C28C776B40030448C /* Assets.xcassets */; };
		57B335A028C776B40030448C /* appstore.png in Resources */ = {isa = PBXBuildFile; fileRef = 57B3359D28C776B40030448C /* appstore.png */; };
		57B335A128C776B40030448C /* playstore.png in Resources */ = {isa = PBXBuildFile; fileRef = 57B3359E28C776B40030448C /* playstore.png */; };
		57B5695C28C3C0DD00BE6E30 /* PocketsongSongs.json in Resources */ = {isa = PBXBuildFile; fileRef = 57B5695B28C3C0DD00BE6E30 /* PocketsongSongs.json */; };
		57B5696F28C5CEA800BE6E30 /* PocketsongCatchSongInAppPre.json in Resources */ = {isa = PBXBuildFile; fileRef = 57B5696E28C5CEA800BE6E30 /* PocketsongCatchSongInAppPre.json */; };
		57B5697128C5CEC500BE6E30 /* PocketsongCatchSongInAppMain.json in Resources */ = {isa = PBXBuildFile; fileRef = 57B5697028C5CEC500BE6E30 /* PocketsongCatchSongInAppMain.json */; };
		57B7630728C089DC0088293F /* PocketSongCatchSong.json in Resources */ = {isa = PBXBuildFile; fileRef = 57B7630628C089DC0088293F /* PocketSongCatchSong.json */; };
		57C8B22E279D8F4D0015291C /* FeatherBold.ttf in Resources */ = {isa = PBXBuildFile; fileRef = 57C8B22D279D8F4A0015291C /* FeatherBold.ttf */; };
		57C8B231279D90330015291C /* JandaManateeBubble.ttf in Resources */ = {isa = PBXBuildFile; fileRef = 57C8B22F279D90330015291C /* JandaManateeBubble.ttf */; };
		57C8B232279D90330015291C /* JandaManateeSolid.ttf in Resources */ = {isa = PBXBuildFile; fileRef = 57C8B230279D90330015291C /* JandaManateeSolid.ttf */; };
		57CA8F13275CF0D600E54093 /* MainTabBarVC.swift in Sources */ = {isa = PBXBuildFile; fileRef = 57CA8F12275CF0D600E54093 /* MainTabBarVC.swift */; };
		57CA8F15275D2DC600E54093 /* SongsVC.swift in Sources */ = {isa = PBXBuildFile; fileRef = 57CA8F14275D2DC600E54093 /* SongsVC.swift */; };
		57CA8F182766779E00E54093 /* ShazamController.swift in Sources */ = {isa = PBXBuildFile; fileRef = 57CA8F172766779E00E54093 /* ShazamController.swift */; };
		57CA8F1A276678A500E54093 /* ShazamModel.swift in Sources */ = {isa = PBXBuildFile; fileRef = 57CA8F19276678A500E54093 /* ShazamModel.swift */; };
		57CA8F1C2771015500E54093 /* SongMatchStateType.swift in Sources */ = {isa = PBXBuildFile; fileRef = 57CA8F1B2771015500E54093 /* SongMatchStateType.swift */; };
		57CA8F1F277242EC00E54093 /* Extensions.swift in Sources */ = {isa = PBXBuildFile; fileRef = 57CA8F1E277242EC00E54093 /* Extensions.swift */; };
		57CA8F21277381AF00E54093 /* LoginVC.swift in Sources */ = {isa = PBXBuildFile; fileRef = 57CA8F20277381AF00E54093 /* LoginVC.swift */; };
		57CA8F232773934A00E54093 /* CatchedSongDetailVC.swift in Sources */ = {isa = PBXBuildFile; fileRef = 57CA8F222773934A00E54093 /* CatchedSongDetailVC.swift */; };
		57CA8F262774E95900E54093 /* LocationController.swift in Sources */ = {isa = PBXBuildFile; fileRef = 57CA8F252774E95900E54093 /* LocationController.swift */; };
		57CA8F2827761FEF00E54093 /* LocationModel.swift in Sources */ = {isa = PBXBuildFile; fileRef = 57CA8F2727761FEF00E54093 /* LocationModel.swift */; };
		57CA8F2A27762FA700E54093 /* LoginController.swift in Sources */ = {isa = PBXBuildFile; fileRef = 57CA8F2927762FA700E54093 /* LoginController.swift */; };
		57FF115D285EB2B60004675C /* DailyRecordCell.swift in Sources */ = {isa = PBXBuildFile; fileRef = 57FF115C285EB2B60004675C /* DailyRecordCell.swift */; };
		57FF115F285EB2CF0004675C /* RecordSongCell.swift in Sources */ = {isa = PBXBuildFile; fileRef = 57FF115E285EB2CF0004675C /* RecordSongCell.swift */; };
		D66ACBDCC6D5A98ED8BD7A1F /* Pods_PocketSong.framework in Frameworks */ = {isa = PBXBuildFile; fileRef = 07FB5EA06A3F0C60186FB9ED /* Pods_PocketSong.framework */; };
/* End PBXBuildFile section */

/* Begin PBXFileReference section */
		07FB5EA06A3F0C60186FB9ED /* Pods_PocketSong.framework */ = {isa = PBXFileReference; explicitFileType = wrapper.framework; includeInIndex = 0; path = Pods_PocketSong.framework; sourceTree = BUILT_PRODUCTS_DIR; };
		0804574D79ADC3DCA6EE3B06 /* Pods-PocketSong.debug.xcconfig */ = {isa = PBXFileReference; includeInIndex = 1; lastKnownFileType = text.xcconfig; name = "Pods-PocketSong.debug.xcconfig"; path = "Target Support Files/Pods-PocketSong/Pods-PocketSong.debug.xcconfig"; sourceTree = "<group>"; };
		57077A4F273F099800713534 /* appIcon29.png */ = {isa = PBXFileReference; lastKnownFileType = image.png; path = appIcon29.png; sourceTree = "<group>"; };
		57077A50273F099900713534 /* appIcon40.png */ = {isa = PBXFileReference; lastKnownFileType = image.png; path = appIcon40.png; sourceTree = "<group>"; };
		57077A51273F099A00713534 /* appIcon60.png */ = {isa = PBXFileReference; lastKnownFileType = image.png; path = appIcon60.png; sourceTree = "<group>"; };
		57077A52273F099A00713534 /* appIcon58.png */ = {isa = PBXFileReference; lastKnownFileType = image.png; path = appIcon58.png; sourceTree = "<group>"; };
		57077A53273F099B00713534 /* appIcon120.png */ = {isa = PBXFileReference; lastKnownFileType = image.png; path = appIcon120.png; sourceTree = "<group>"; };
		57077A54273F099C00713534 /* appIcon152.png */ = {isa = PBXFileReference; lastKnownFileType = image.png; path = appIcon152.png; sourceTree = "<group>"; };
		57077A55273F099D00713534 /* appIcon87.png */ = {isa = PBXFileReference; lastKnownFileType = image.png; path = appIcon87.png; sourceTree = "<group>"; };
		57077A56273F099E00713534 /* appIcon80.png */ = {isa = PBXFileReference; lastKnownFileType = image.png; path = appIcon80.png; sourceTree = "<group>"; };
		57077A57273F099E00713534 /* appIcon120.jpeg */ = {isa = PBXFileReference; lastKnownFileType = image.jpeg; path = appIcon120.jpeg; sourceTree = "<group>"; };
		57077A58273F099F00713534 /* appIcon20.png */ = {isa = PBXFileReference; lastKnownFileType = image.png; path = appIcon20.png; sourceTree = "<group>"; };
		57077A59273F09A000713534 /* appIcon167.png */ = {isa = PBXFileReference; lastKnownFileType = image.png; path = appIcon167.png; sourceTree = "<group>"; };
		57077A5A273F09A000713534 /* appIcon76.png */ = {isa = PBXFileReference; lastKnownFileType = image.png; path = appIcon76.png; sourceTree = "<group>"; };
		57077A5B273F09A100713534 /* appIcon180.png */ = {isa = PBXFileReference; lastKnownFileType = image.png; path = appIcon180.png; sourceTree = "<group>"; };
		57077A5E273F0C7000713534 /* robot_note.png */ = {isa = PBXFileReference; lastKnownFileType = image.png; name = robot_note.png; path = ../../../../../../Desktop/PocketSongResources/robot_note.png; sourceTree = "<group>"; };
		57077A5F273F0C7000713534 /* Group.png */ = {isa = PBXFileReference; lastKnownFileType = image.png; name = Group.png; path = ../../../../../../Desktop/PocketSongResources/Group.png; sourceTree = "<group>"; };
		57077A62274086C100713534 /* MyMemoriesVC.swift */ = {isa = PBXFileReference; lastKnownFileType = sourcecode.swift; path = MyMemoriesVC.swift; sourceTree = "<group>"; };
		57077A64274089B000713534 /* MapKit.framework */ = {isa = PBXFileReference; lastKnownFileType = wrapper.framework; name = MapKit.framework; path = System/Library/Frameworks/MapKit.framework; sourceTree = SDKROOT; };
		57077A682741653A00713534 /* memories.png */ = {isa = PBXFileReference; lastKnownFileType = image.png; name = memories.png; path = ../../../../../../Desktop/PocketSongResources/appIcon/memories.png; sourceTree = "<group>"; };
		571600E327147134002E53B9 /* PocketSong.app */ = {isa = PBXFileReference; explicitFileType = wrapper.application; includeInIndex = 0; path = PocketSong.app; sourceTree = BUILT_PRODUCTS_DIR; };
		571600E627147134002E53B9 /* AppDelegate.swift */ = {isa = PBXFileReference; lastKnownFileType = sourcecode.swift; path = AppDelegate.swift; sourceTree = "<group>"; };
		571600E827147134002E53B9 /* SceneDelegate.swift */ = {isa = PBXFileReference; lastKnownFileType = sourcecode.swift; path = SceneDelegate.swift; sourceTree = "<group>"; };
		571600ED27147134002E53B9 /* Base */ = {isa = PBXFileReference; lastKnownFileType = file.storyboard; name = Base; path = Base.lproj/Main.storyboard; sourceTree = "<group>"; };
		571600F027147134002E53B9 /* PocketSong.xcdatamodel */ = {isa = PBXFileReference; lastKnownFileType = wrapper.xcdatamodel; path = PocketSong.xcdatamodel; sourceTree = "<group>"; };
		571600F22714713B002E53B9 /* Assets.xcassets */ = {isa = PBXFileReference; lastKnownFileType = folder.assetcatalog; path = Assets.xcassets; sourceTree = "<group>"; };
		571600F52714713B002E53B9 /* Base */ = {isa = PBXFileReference; lastKnownFileType = file.storyboard; name = Base; path = Base.lproj/LaunchScreen.storyboard; sourceTree = "<group>"; };
		571600F72714713B002E53B9 /* Info.plist */ = {isa = PBXFileReference; lastKnownFileType = text.plist.xml; path = Info.plist; sourceTree = "<group>"; };
		571600FD2714737B002E53B9 /* GoogleService-Info.plist */ = {isa = PBXFileReference; fileEncoding = 4; lastKnownFileType = text.plist.xml; path = "GoogleService-Info.plist"; sourceTree = "<group>"; };
		5716010227148745002E53B9 /* SignInVC.swift */ = {isa = PBXFileReference; lastKnownFileType = sourcecode.swift; path = SignInVC.swift; sourceTree = "<group>"; };
		571DC06B28AF560A0072B387 /* TestVC.swift */ = {isa = PBXFileReference; lastKnownFileType = sourcecode.swift; path = TestVC.swift; sourceTree = "<group>"; };
		5734FEA528B8AC5D00F6ACB9 /* ObserverMediator.swift */ = {isa = PBXFileReference; lastKnownFileType = sourcecode.swift; path = ObserverMediator.swift; sourceTree = "<group>"; };
		57428DDF28A2C0C300D13ADD /* MyInformationDetailVC.swift */ = {isa = PBXFileReference; lastKnownFileType = sourcecode.swift; path = MyInformationDetailVC.swift; sourceTree = "<group>"; };
		57428DE228A3A3A200D13ADD /* MyMemoryAnnotationView.swift */ = {isa = PBXFileReference; lastKnownFileType = sourcecode.swift; path = MyMemoryAnnotationView.swift; sourceTree = "<group>"; };
		57428DE428A3A90300D13ADD /* ImageCacheManager.swift */ = {isa = PBXFileReference; lastKnownFileType = sourcecode.swift; path = ImageCacheManager.swift; sourceTree = "<group>"; };
		5776EA2B279F160600898387 /* DataController.swift */ = {isa = PBXFileReference; lastKnownFileType = sourcecode.swift; path = DataController.swift; sourceTree = "<group>"; };
		5776EA2D27A11D8700898387 /* RecordData.swift */ = {isa = PBXFileReference; lastKnownFileType = sourcecode.swift; path = RecordData.swift; sourceTree = "<group>"; };
		5776EA2F27A1215E00898387 /* AVFoundation.framework */ = {isa = PBXFileReference; lastKnownFileType = wrapper.framework; name = AVFoundation.framework; path = System/Library/Frameworks/AVFoundation.framework; sourceTree = SDKROOT; };
		5776EA3127A12F3100898387 /* RecordAnnotation.swift */ = {isa = PBXFileReference; lastKnownFileType = sourcecode.swift; path = RecordAnnotation.swift; sourceTree = "<group>"; };
		577CBD8C280B494C003B3864 /* NetworkMonitor.swift */ = {isa = PBXFileReference; fileEncoding = 4; lastKnownFileType = sourcecode.swift; path = NetworkMonitor.swift; sourceTree = "<group>"; };
		577CBD8E280DC45F003B3864 /* Protocols.swift */ = {isa = PBXFileReference; lastKnownFileType = sourcecode.swift; path = Protocols.swift; sourceTree = "<group>"; };
		577CBD90280DCD7F003B3864 /* Types.swift */ = {isa = PBXFileReference; lastKnownFileType = sourcecode.swift; path = Types.swift; sourceTree = "<group>"; };
		578868E928B5093000D825A5 /* Onboarding.storyboard */ = {isa = PBXFileReference; lastKnownFileType = file.storyboard; path = Onboarding.storyboard; sourceTree = "<group>"; };
		578F72DE274180DD00E61F8B /* CatchSongVC.swift */ = {isa = PBXFileReference; lastKnownFileType = sourcecode.swift; path = CatchSongVC.swift; sourceTree = "<group>"; };
		579276DE28AF540C004473AF /* TestStoryboard.storyboard */ = {isa = PBXFileReference; lastKnownFileType = file.storyboard; path = TestStoryboard.storyboard; sourceTree = "<group>"; };
		57A9F6DB28BBAC5800988694 /* PocketSongMyMemories.json */ = {isa = PBXFileReference; fileEncoding = 4; lastKnownFileType = text.json; path = PocketSongMyMemories.json; sourceTree = "<group>"; };
		57AAE02828B77C130075FD1A /* OnboardContentsVC.swift */ = {isa = PBXFileReference; lastKnownFileType = sourcecode.swift; path = OnboardContentsVC.swift; sourceTree = "<group>"; };
		57AAE02B28B77D9C0075FD1A /* nUGtQvYzrP.json */ = {isa = PBXFileReference; fileEncoding = 4; lastKnownFileType = text.json; path = nUGtQvYzrP.json; sourceTree = "<group>"; };
		57AAE02C28B77D9D0075FD1A /* BfC3IeHsb3.json */ = {isa = PBXFileReference; fileEncoding = 4; lastKnownFileType = text.json; path = BfC3IeHsb3.json; sourceTree = "<group>"; };
		57AAE02D28B77D9D0075FD1A /* RdASh8Ngay.json */ = {isa = PBXFileReference; fileEncoding = 4; lastKnownFileType = text.json; path = RdASh8Ngay.json; sourceTree = "<group>"; };
		57AAE02E28B77D9D0075FD1A /* 3vlC7BCvOZ.json */ = {isa = PBXFileReference; fileEncoding = 4; lastKnownFileType = text.json; path = 3vlC7BCvOZ.json; sourceTree = "<group>"; };
		57AAE02F28B77D9D0075FD1A /* mMD7Lj4dOP.json */ = {isa = PBXFileReference; fileEncoding = 4; lastKnownFileType = text.json; path = mMD7Lj4dOP.json; sourceTree = "<group>"; };
		57AAE03528B7834C0075FD1A /* OnboardPageVC.swift */ = {isa = PBXFileReference; lastKnownFileType = sourcecode.swift; path = OnboardPageVC.swift; sourceTree = "<group>"; };
		57AC2DC928B663AA0038234B /* FirstTimeCheck.swift */ = {isa = PBXFileReference; lastKnownFileType = sourcecode.swift; path = FirstTimeCheck.swift; sourceTree = "<group>"; };
		57AC2DCB28B666690038234B /* OnboardingVC.swift */ = {isa = PBXFileReference; lastKnownFileType = sourcecode.swift; path = OnboardingVC.swift; sourceTree = "<group>"; };
		57AF2D9C27CBF5320082F1BF /* UserRecordTable.swift */ = {isa = PBXFileReference; lastKnownFileType = sourcecode.swift; path = UserRecordTable.swift; sourceTree = "<group>"; };
		57B3359C28C776B40030448C /* Assets.xcassets */ = {isa = PBXFileReference; lastKnownFileType = folder.assetcatalog; path = Assets.xcassets; sourceTree = "<group>"; };
		57B3359D28C776B40030448C /* appstore.png */ = {isa = PBXFileReference; lastKnownFileType = image.png; path = appstore.png; sourceTree = "<group>"; };
		57B3359E28C776B40030448C /* playstore.png */ = {isa = PBXFileReference; lastKnownFileType = image.png; path = playstore.png; sourceTree = "<group>"; };
		57B5695B28C3C0DD00BE6E30 /* PocketsongSongs.json */ = {isa = PBXFileReference; fileEncoding = 4; lastKnownFileType = text.json; path = PocketsongSongs.json; sourceTree = "<group>"; };
		57B5696E28C5CEA800BE6E30 /* PocketsongCatchSongInAppPre.json */ = {isa = PBXFileReference; fileEncoding = 4; lastKnownFileType = text.json; name = PocketsongCatchSongInAppPre.json; path = ../../../../../PocketsongCatchSongInApp1/PocketsongCatchSongInAppPre.json; sourceTree = "<group>"; };
		57B5697028C5CEC500BE6E30 /* PocketsongCatchSongInAppMain.json */ = {isa = PBXFileReference; fileEncoding = 4; lastKnownFileType = text.json; name = PocketsongCatchSongInAppMain.json; path = ../../../../../PocketsongCatchSongInApp2/PocketsongCatchSongInAppMain.json; sourceTree = "<group>"; };
		57B7630628C089DC0088293F /* PocketSongCatchSong.json */ = {isa = PBXFileReference; fileEncoding = 4; lastKnownFileType = text.json; path = PocketSongCatchSong.json; sourceTree = "<group>"; };
		57C8B22D279D8F4A0015291C /* FeatherBold.ttf */ = {isa = PBXFileReference; lastKnownFileType = file; name = FeatherBold.ttf; path = PocketSong/FeatherBold.ttf; sourceTree = SOURCE_ROOT; };
		57C8B22F279D90330015291C /* JandaManateeBubble.ttf */ = {isa = PBXFileReference; lastKnownFileType = file; path = JandaManateeBubble.ttf; sourceTree = "<group>"; };
		57C8B230279D90330015291C /* JandaManateeSolid.ttf */ = {isa = PBXFileReference; lastKnownFileType = file; path = JandaManateeSolid.ttf; sourceTree = "<group>"; };
		57CA8F12275CF0D600E54093 /* MainTabBarVC.swift */ = {isa = PBXFileReference; lastKnownFileType = sourcecode.swift; path = MainTabBarVC.swift; sourceTree = "<group>"; };
		57CA8F14275D2DC600E54093 /* SongsVC.swift */ = {isa = PBXFileReference; lastKnownFileType = sourcecode.swift; path = SongsVC.swift; sourceTree = "<group>"; };
		57CA8F172766779E00E54093 /* ShazamController.swift */ = {isa = PBXFileReference; lastKnownFileType = sourcecode.swift; path = ShazamController.swift; sourceTree = "<group>"; };
		57CA8F19276678A500E54093 /* ShazamModel.swift */ = {isa = PBXFileReference; lastKnownFileType = sourcecode.swift; path = ShazamModel.swift; sourceTree = "<group>"; };
		57CA8F1B2771015500E54093 /* SongMatchStateType.swift */ = {isa = PBXFileReference; lastKnownFileType = sourcecode.swift; path = SongMatchStateType.swift; sourceTree = "<group>"; };
		57CA8F1E277242EC00E54093 /* Extensions.swift */ = {isa = PBXFileReference; lastKnownFileType = sourcecode.swift; path = Extensions.swift; sourceTree = "<group>"; };
		57CA8F20277381AF00E54093 /* LoginVC.swift */ = {isa = PBXFileReference; lastKnownFileType = sourcecode.swift; path = LoginVC.swift; sourceTree = "<group>"; };
		57CA8F222773934A00E54093 /* CatchedSongDetailVC.swift */ = {isa = PBXFileReference; lastKnownFileType = sourcecode.swift; path = CatchedSongDetailVC.swift; sourceTree = "<group>"; };
		57CA8F252774E95900E54093 /* LocationController.swift */ = {isa = PBXFileReference; lastKnownFileType = sourcecode.swift; path = LocationController.swift; sourceTree = "<group>"; };
		57CA8F2727761FEF00E54093 /* LocationModel.swift */ = {isa = PBXFileReference; lastKnownFileType = sourcecode.swift; path = LocationModel.swift; sourceTree = "<group>"; };
		57CA8F2927762FA700E54093 /* LoginController.swift */ = {isa = PBXFileReference; lastKnownFileType = sourcecode.swift; path = LoginController.swift; sourceTree = "<group>"; };
		57FF115C285EB2B60004675C /* DailyRecordCell.swift */ = {isa = PBXFileReference; lastKnownFileType = sourcecode.swift; path = DailyRecordCell.swift; sourceTree = "<group>"; };
		57FF115E285EB2CF0004675C /* RecordSongCell.swift */ = {isa = PBXFileReference; lastKnownFileType = sourcecode.swift; path = RecordSongCell.swift; sourceTree = "<group>"; };
		C8908642AE917357CBED719E /* Pods-PocketSong.release.xcconfig */ = {isa = PBXFileReference; includeInIndex = 1; lastKnownFileType = text.xcconfig; name = "Pods-PocketSong.release.xcconfig"; path = "Target Support Files/Pods-PocketSong/Pods-PocketSong.release.xcconfig"; sourceTree = "<group>"; };
/* End PBXFileReference section */

/* Begin PBXFrameworksBuildPhase section */
		571600E027147134002E53B9 /* Frameworks */ = {
			isa = PBXFrameworksBuildPhase;
			buildActionMask = 2147483647;
			files = (
				5776EA3027A1215E00898387 /* AVFoundation.framework in Frameworks */,
				57077A65274089B000713534 /* MapKit.framework in Frameworks */,
				D66ACBDCC6D5A98ED8BD7A1F /* Pods_PocketSong.framework in Frameworks */,
			);
			runOnlyForDeploymentPostprocessing = 0;
		};
/* End PBXFrameworksBuildPhase section */

/* Begin PBXGroup section */
		57077A4E273F099700713534 /* Resources */ = {
			isa = PBXGroup;
			children = (
				576B3F96279D87B20098513D /* Fonts */,
				57077A5D273F0C1900713534 /* images */,
				57077A5C273F0A8700713534 /* AppIcons */,
			);
			path = Resources;
			sourceTree = "<group>";
		};
		57077A5C273F0A8700713534 /* AppIcons */ = {
			isa = PBXGroup;
			children = (
				57077A5F273F0C7000713534 /* Group.png */,
				57077A5E273F0C7000713534 /* robot_note.png */,
				57077A58273F099F00713534 /* appIcon20.png */,
				57077A4F273F099800713534 /* appIcon29.png */,
				57077A50273F099900713534 /* appIcon40.png */,
				57077A52273F099A00713534 /* appIcon58.png */,
				57077A51273F099A00713534 /* appIcon60.png */,
				57077A5A273F09A000713534 /* appIcon76.png */,
				57077A56273F099E00713534 /* appIcon80.png */,
				57077A55273F099D00713534 /* appIcon87.png */,
				57077A57273F099E00713534 /* appIcon120.jpeg */,
				57077A53273F099B00713534 /* appIcon120.png */,
				57077A54273F099C00713534 /* appIcon152.png */,
				57077A59273F09A000713534 /* appIcon167.png */,
				57077A5B273F09A100713534 /* appIcon180.png */,
			);
			path = AppIcons;
			sourceTree = "<group>";
		};
		57077A5D273F0C1900713534 /* images */ = {
			isa = PBXGroup;
			children = (
				57077A682741653A00713534 /* memories.png */,
			);
			path = images;
			sourceTree = "<group>";
		};
		571600DA27147134002E53B9 = {
			isa = PBXGroup;
			children = (
				571600E527147134002E53B9 /* PocketSong */,
				571600E427147134002E53B9 /* Products */,
				B2254D9F6605FFA1ED845274 /* Pods */,
				B6A1863E14C9FD43B5FDA8F7 /* Frameworks */,
			);
			sourceTree = "<group>";
		};
		571600E427147134002E53B9 /* Products */ = {
			isa = PBXGroup;
			children = (
				571600E327147134002E53B9 /* PocketSong.app */,
			);
			name = Products;
			sourceTree = "<group>";
		};
		571600E527147134002E53B9 /* PocketSong */ = {
			isa = PBXGroup;
			children = (
				57AAE02A28B77D600075FD1A /* LottieAnis */,
				579276DE28AF540C004473AF /* TestStoryboard.storyboard */,
				57428DE128A3A37D00D13ADD /* Views */,
				57FF1159285EAD5D0004675C /* Cells */,
				57C8B22F279D90330015291C /* JandaManateeBubble.ttf */,
				57C8B230279D90330015291C /* JandaManateeSolid.ttf */,
				57C8B22D279D8F4A0015291C /* FeatherBold.ttf */,
				57CA8F1D277242D900E54093 /* Utils */,
				57CA8F162766776F00E54093 /* Data */,
				57077A4E273F099700713534 /* Resources */,
				571600FF271486AC002E53B9 /* VC */,
				571600FD2714737B002E53B9 /* GoogleService-Info.plist */,
				571600E627147134002E53B9 /* AppDelegate.swift */,
				571600E827147134002E53B9 /* SceneDelegate.swift */,
				577CBD8C280B494C003B3864 /* NetworkMonitor.swift */,
				57B3359B28C776B40030448C /* AppIcons */,
				571600EC27147134002E53B9 /* Main.storyboard */,
				571600F22714713B002E53B9 /* Assets.xcassets */,
				571600F42714713B002E53B9 /* LaunchScreen.storyboard */,
				571600F72714713B002E53B9 /* Info.plist */,
				571600EF27147134002E53B9 /* PocketSong.xcdatamodeld */,
				571DC06B28AF560A0072B387 /* TestVC.swift */,
				578868E928B5093000D825A5 /* Onboarding.storyboard */,
			);
			path = PocketSong;
			sourceTree = "<group>";
		};
		571600FF271486AC002E53B9 /* VC */ = {
			isa = PBXGroup;
			children = (
				5716010227148745002E53B9 /* SignInVC.swift */,
				57077A62274086C100713534 /* MyMemoriesVC.swift */,
				578F72DE274180DD00E61F8B /* CatchSongVC.swift */,
				57CA8F12275CF0D600E54093 /* MainTabBarVC.swift */,
				57CA8F14275D2DC600E54093 /* SongsVC.swift */,
				57CA8F20277381AF00E54093 /* LoginVC.swift */,
				57CA8F222773934A00E54093 /* CatchedSongDetailVC.swift */,
				57428DDF28A2C0C300D13ADD /* MyInformationDetailVC.swift */,
				57AC2DCB28B666690038234B /* OnboardingVC.swift */,
				57AAE02828B77C130075FD1A /* OnboardContentsVC.swift */,
				57AAE03528B7834C0075FD1A /* OnboardPageVC.swift */,
			);
			path = VC;
			sourceTree = "<group>";
		};
		57428DE128A3A37D00D13ADD /* Views */ = {
			isa = PBXGroup;
			children = (
				57428DE228A3A3A200D13ADD /* MyMemoryAnnotationView.swift */,
			);
			path = Views;
			sourceTree = "<group>";
		};
		576B3F96279D87B20098513D /* Fonts */ = {
			isa = PBXGroup;
			children = (
			);
			path = Fonts;
			sourceTree = "<group>";
		};
		57AAE02A28B77D600075FD1A /* LottieAnis */ = {
			isa = PBXGroup;
			children = (
				57AAE02E28B77D9D0075FD1A /* 3vlC7BCvOZ.json */,
				57AAE02C28B77D9D0075FD1A /* BfC3IeHsb3.json */,
				57AAE02F28B77D9D0075FD1A /* mMD7Lj4dOP.json */,
				57B7630628C089DC0088293F /* PocketSongCatchSong.json */,
				57B5697028C5CEC500BE6E30 /* PocketsongCatchSongInAppMain.json */,
				57B5695B28C3C0DD00BE6E30 /* PocketsongSongs.json */,
				57B5696E28C5CEA800BE6E30 /* PocketsongCatchSongInAppPre.json */,
				57AAE02B28B77D9C0075FD1A /* nUGtQvYzrP.json */,
				57A9F6DB28BBAC5800988694 /* PocketSongMyMemories.json */,
				57AAE02D28B77D9D0075FD1A /* RdASh8Ngay.json */,
			);
			path = LottieAnis;
			sourceTree = "<group>";
		};
		57B3359B28C776B40030448C /* AppIcons */ = {
			isa = PBXGroup;
			children = (
				57B3359C28C776B40030448C /* Assets.xcassets */,
				57B3359D28C776B40030448C /* appstore.png */,
				57B3359E28C776B40030448C /* playstore.png */,
			);
			path = AppIcons;
			sourceTree = "<group>";
		};
		57CA8F162766776F00E54093 /* Data */ = {
			isa = PBXGroup;
			children = (
				5776EA2B279F160600898387 /* DataController.swift */,
				57CA8F172766779E00E54093 /* ShazamController.swift */,
				57CA8F19276678A500E54093 /* ShazamModel.swift */,
				57CA8F1B2771015500E54093 /* SongMatchStateType.swift */,
				57CA8F2727761FEF00E54093 /* LocationModel.swift */,
				5776EA2D27A11D8700898387 /* RecordData.swift */,
				5776EA3127A12F3100898387 /* RecordAnnotation.swift */,
				57AF2D9C27CBF5320082F1BF /* UserRecordTable.swift */,
			);
			path = Data;
			sourceTree = "<group>";
		};
		57CA8F1D277242D900E54093 /* Utils */ = {
			isa = PBXGroup;
			children = (
				57CA8F1E277242EC00E54093 /* Extensions.swift */,
				57CA8F252774E95900E54093 /* LocationController.swift */,
				57CA8F2927762FA700E54093 /* LoginController.swift */,
				577CBD8E280DC45F003B3864 /* Protocols.swift */,
				577CBD90280DCD7F003B3864 /* Types.swift */,
				57428DE428A3A90300D13ADD /* ImageCacheManager.swift */,
				57AC2DC928B663AA0038234B /* FirstTimeCheck.swift */,
				5734FEA528B8AC5D00F6ACB9 /* ObserverMediator.swift */,
			);
			path = Utils;
			sourceTree = "<group>";
		};
		57FF1159285EAD5D0004675C /* Cells */ = {
			isa = PBXGroup;
			children = (
				57FF115C285EB2B60004675C /* DailyRecordCell.swift */,
				57FF115E285EB2CF0004675C /* RecordSongCell.swift */,
			);
			path = Cells;
			sourceTree = "<group>";
		};
		B2254D9F6605FFA1ED845274 /* Pods */ = {
			isa = PBXGroup;
			children = (
				0804574D79ADC3DCA6EE3B06 /* Pods-PocketSong.debug.xcconfig */,
				C8908642AE917357CBED719E /* Pods-PocketSong.release.xcconfig */,
			);
			path = Pods;
			sourceTree = "<group>";
		};
		B6A1863E14C9FD43B5FDA8F7 /* Frameworks */ = {
			isa = PBXGroup;
			children = (
				5776EA2F27A1215E00898387 /* AVFoundation.framework */,
				57077A64274089B000713534 /* MapKit.framework */,
				07FB5EA06A3F0C60186FB9ED /* Pods_PocketSong.framework */,
			);
			name = Frameworks;
			sourceTree = "<group>";
		};
/* End PBXGroup section */

/* Begin PBXNativeTarget section */
		571600E227147134002E53B9 /* PocketSong */ = {
			isa = PBXNativeTarget;
			buildConfigurationList = 571600FA2714713B002E53B9 /* Build configuration list for PBXNativeTarget "PocketSong" */;
			buildPhases = (
				C47F508C18ED54C487FF735C /* [CP] Check Pods Manifest.lock */,
				571600DF27147134002E53B9 /* Sources */,
				571600E027147134002E53B9 /* Frameworks */,
				571600E127147134002E53B9 /* Resources */,
				9C28C58A2031439C71AF85F3 /* [CP] Embed Pods Frameworks */,
			);
			buildRules = (
			);
			dependencies = (
			);
			name = PocketSong;
			productName = PocketSong;
			productReference = 571600E327147134002E53B9 /* PocketSong.app */;
			productType = "com.apple.product-type.application";
		};
/* End PBXNativeTarget section */

/* Begin PBXProject section */
		571600DB27147134002E53B9 /* Project object */ = {
			isa = PBXProject;
			attributes = {
				BuildIndependentTargetsInParallel = 1;
				LastSwiftUpdateCheck = 1300;
				LastUpgradeCheck = 1300;
				TargetAttributes = {
					571600E227147134002E53B9 = {
						CreatedOnToolsVersion = 13.0;
					};
				};
			};
			buildConfigurationList = 571600DE27147134002E53B9 /* Build configuration list for PBXProject "PocketSong" */;
			compatibilityVersion = "Xcode 9.3";
			developmentRegion = en;
			hasScannedForEncodings = 0;
			knownRegions = (
				en,
				Base,
			);
			mainGroup = 571600DA27147134002E53B9;
			productRefGroup = 571600E427147134002E53B9 /* Products */;
			projectDirPath = "";
			projectRoot = "";
			targets = (
				571600E227147134002E53B9 /* PocketSong */,
			);
		};
/* End PBXProject section */

/* Begin PBXResourcesBuildPhase section */
		571600E127147134002E53B9 /* Resources */ = {
			isa = PBXResourcesBuildPhase;
			buildActionMask = 2147483647;
			files = (
				57077A60273F0C7000713534 /* robot_note.png in Resources */,
				57AAE03028B77D9D0075FD1A /* nUGtQvYzrP.json in Resources */,
				57AAE03228B77D9D0075FD1A /* RdASh8Ngay.json in Resources */,
				57C8B231279D90330015291C /* JandaManateeBubble.ttf in Resources */,
				57B335A128C776B40030448C /* playstore.png in Resources */,
				57B3359F28C776B40030448C /* Assets.xcassets in Resources */,
				57077A61273F0C7000713534 /* Group.png in Resources */,
				57B5696F28C5CEA800BE6E30 /* PocketsongCatchSongInAppPre.json in Resources */,
				578868EA28B5093000D825A5 /* Onboarding.storyboard in Resources */,
				57AAE03428B77D9D0075FD1A /* mMD7Lj4dOP.json in Resources */,
				571600F62714713B002E53B9 /* LaunchScreen.storyboard in Resources */,
				57B7630728C089DC0088293F /* PocketSongCatchSong.json in Resources */,
				57C8B22E279D8F4D0015291C /* FeatherBold.ttf in Resources */,
				57AAE03128B77D9D0075FD1A /* BfC3IeHsb3.json in Resources */,
				57B335A028C776B40030448C /* appstore.png in Resources */,
				57C8B232279D90330015291C /* JandaManateeSolid.ttf in Resources */,
				571600FE2714737B002E53B9 /* GoogleService-Info.plist in Resources */,
				57A9F6DC28BBAC5800988694 /* PocketSongMyMemories.json in Resources */,
				57AAE03328B77D9D0075FD1A /* 3vlC7BCvOZ.json in Resources */,
				57077A692741653A00713534 /* memories.png in Resources */,
				57B5695C28C3C0DD00BE6E30 /* PocketsongSongs.json in Resources */,
				571600F32714713B002E53B9 /* Assets.xcassets in Resources */,
				571600EE27147134002E53B9 /* Main.storyboard in Resources */,
				579276DF28AF540C004473AF /* TestStoryboard.storyboard in Resources */,
				57B5697128C5CEC500BE6E30 /* PocketsongCatchSongInAppMain.json in Resources */,
			);
			runOnlyForDeploymentPostprocessing = 0;
		};
/* End PBXResourcesBuildPhase section */

/* Begin PBXShellScriptBuildPhase section */
		9C28C58A2031439C71AF85F3 /* [CP] Embed Pods Frameworks */ = {
			isa = PBXShellScriptBuildPhase;
			buildActionMask = 2147483647;
			files = (
			);
			inputFileListPaths = (
				"${PODS_ROOT}/Target Support Files/Pods-PocketSong/Pods-PocketSong-frameworks-${CONFIGURATION}-input-files.xcfilelist",
			);
			name = "[CP] Embed Pods Frameworks";
			outputFileListPaths = (
				"${PODS_ROOT}/Target Support Files/Pods-PocketSong/Pods-PocketSong-frameworks-${CONFIGURATION}-output-files.xcfilelist",
			);
			runOnlyForDeploymentPostprocessing = 0;
			shellPath = /bin/sh;
			shellScript = "\"${PODS_ROOT}/Target Support Files/Pods-PocketSong/Pods-PocketSong-frameworks.sh\"\n";
			showEnvVarsInLog = 0;
		};
		C47F508C18ED54C487FF735C /* [CP] Check Pods Manifest.lock */ = {
			isa = PBXShellScriptBuildPhase;
			buildActionMask = 2147483647;
			files = (
			);
			inputFileListPaths = (
			);
			inputPaths = (
				"${PODS_PODFILE_DIR_PATH}/Podfile.lock",
				"${PODS_ROOT}/Manifest.lock",
			);
			name = "[CP] Check Pods Manifest.lock";
			outputFileListPaths = (
			);
			outputPaths = (
				"$(DERIVED_FILE_DIR)/Pods-PocketSong-checkManifestLockResult.txt",
			);
			runOnlyForDeploymentPostprocessing = 0;
			shellPath = /bin/sh;
			shellScript = "diff \"${PODS_PODFILE_DIR_PATH}/Podfile.lock\" \"${PODS_ROOT}/Manifest.lock\" > /dev/null\nif [ $? != 0 ] ; then\n    # print error to STDERR\n    echo \"error: The sandbox is not in sync with the Podfile.lock. Run 'pod install' or update your CocoaPods installation.\" >&2\n    exit 1\nfi\n# This output is used by Xcode 'outputs' to avoid re-running this script phase.\necho \"SUCCESS\" > \"${SCRIPT_OUTPUT_FILE_0}\"\n";
			showEnvVarsInLog = 0;
		};
/* End PBXShellScriptBuildPhase section */

/* Begin PBXSourcesBuildPhase section */
		571600DF27147134002E53B9 /* Sources */ = {
			isa = PBXSourcesBuildPhase;
			buildActionMask = 2147483647;
			files = (
				57CA8F1C2771015500E54093 /* SongMatchStateType.swift in Sources */,
				577CBD8F280DC45F003B3864 /* Protocols.swift in Sources */,
				57AF2D9D27CBF5320082F1BF /* UserRecordTable.swift in Sources */,
				577CBD91280DCD80003B3864 /* Types.swift in Sources */,
				57CA8F232773934A00E54093 /* CatchedSongDetailVC.swift in Sources */,
				5776EA2E27A11D8700898387 /* RecordData.swift in Sources */,
				57077A63274086C100713534 /* MyMemoriesVC.swift in Sources */,
				578F72DF274180DD00E61F8B /* CatchSongVC.swift in Sources */,
				57428DE328A3A3A200D13ADD /* MyMemoryAnnotationView.swift in Sources */,
				57AC2DCC28B666690038234B /* OnboardingVC.swift in Sources */,
				571600F127147134002E53B9 /* PocketSong.xcdatamodeld in Sources */,
				571DC06C28AF560A0072B387 /* TestVC.swift in Sources */,
				57FF115F285EB2CF0004675C /* RecordSongCell.swift in Sources */,
				5734FEA628B8AC5D00F6ACB9 /* ObserverMediator.swift in Sources */,
				57CA8F15275D2DC600E54093 /* SongsVC.swift in Sources */,
				571600E727147134002E53B9 /* AppDelegate.swift in Sources */,
				57CA8F13275CF0D600E54093 /* MainTabBarVC.swift in Sources */,
				57CA8F2827761FEF00E54093 /* LocationModel.swift in Sources */,
				577CBD8D280B494C003B3864 /* NetworkMonitor.swift in Sources */,
				57CA8F1F277242EC00E54093 /* Extensions.swift in Sources */,
				57428DE028A2C0C300D13ADD /* MyInformationDetailVC.swift in Sources */,
				57CA8F182766779E00E54093 /* ShazamController.swift in Sources */,
				57428DE528A3A90300D13ADD /* ImageCacheManager.swift in Sources */,
				57CA8F2A27762FA700E54093 /* LoginController.swift in Sources */,
				57CA8F21277381AF00E54093 /* LoginVC.swift in Sources */,
				57AC2DCA28B663AA0038234B /* FirstTimeCheck.swift in Sources */,
				5776EA2C279F160600898387 /* DataController.swift in Sources */,
				5776EA3227A12F3100898387 /* RecordAnnotation.swift in Sources */,
				57AAE03628B7834C0075FD1A /* OnboardPageVC.swift in Sources */,
				57FF115D285EB2B60004675C /* DailyRecordCell.swift in Sources */,
				57CA8F1A276678A500E54093 /* ShazamModel.swift in Sources */,
				571600E927147134002E53B9 /* SceneDelegate.swift in Sources */,
				57AAE02928B77C130075FD1A /* OnboardContentsVC.swift in Sources */,
				57CA8F262774E95900E54093 /* LocationController.swift in Sources */,
				5716010327148745002E53B9 /* SignInVC.swift in Sources */,
			);
			runOnlyForDeploymentPostprocessing = 0;
		};
/* End PBXSourcesBuildPhase section */

/* Begin PBXVariantGroup section */
		571600EC27147134002E53B9 /* Main.storyboard */ = {
			isa = PBXVariantGroup;
			children = (
				571600ED27147134002E53B9 /* Base */,
			);
			name = Main.storyboard;
			sourceTree = "<group>";
		};
		571600F42714713B002E53B9 /* LaunchScreen.storyboard */ = {
			isa = PBXVariantGroup;
			children = (
				571600F52714713B002E53B9 /* Base */,
			);
			name = LaunchScreen.storyboard;
			sourceTree = "<group>";
		};
/* End PBXVariantGroup section */

/* Begin XCBuildConfiguration section */
		571600F82714713B002E53B9 /* Debug */ = {
			isa = XCBuildConfiguration;
			buildSettings = {
				ALWAYS_SEARCH_USER_PATHS = NO;
				CLANG_ANALYZER_NONNULL = YES;
				CLANG_ANALYZER_NUMBER_OBJECT_CONVERSION = YES_AGGRESSIVE;
				CLANG_CXX_LANGUAGE_STANDARD = "gnu++17";
				CLANG_CXX_LIBRARY = "libc++";
				CLANG_ENABLE_MODULES = YES;
				CLANG_ENABLE_OBJC_ARC = YES;
				CLANG_ENABLE_OBJC_WEAK = YES;
				CLANG_WARN_BLOCK_CAPTURE_AUTORELEASING = YES;
				CLANG_WARN_BOOL_CONVERSION = YES;
				CLANG_WARN_COMMA = YES;
				CLANG_WARN_CONSTANT_CONVERSION = YES;
				CLANG_WARN_DEPRECATED_OBJC_IMPLEMENTATIONS = YES;
				CLANG_WARN_DIRECT_OBJC_ISA_USAGE = YES_ERROR;
				CLANG_WARN_DOCUMENTATION_COMMENTS = YES;
				CLANG_WARN_EMPTY_BODY = YES;
				CLANG_WARN_ENUM_CONVERSION = YES;
				CLANG_WARN_INFINITE_RECURSION = YES;
				CLANG_WARN_INT_CONVERSION = YES;
				CLANG_WARN_NON_LITERAL_NULL_CONVERSION = YES;
				CLANG_WARN_OBJC_IMPLICIT_RETAIN_SELF = YES;
				CLANG_WARN_OBJC_LITERAL_CONVERSION = YES;
				CLANG_WARN_OBJC_ROOT_CLASS = YES_ERROR;
				CLANG_WARN_QUOTED_INCLUDE_IN_FRAMEWORK_HEADER = YES;
				CLANG_WARN_RANGE_LOOP_ANALYSIS = YES;
				CLANG_WARN_STRICT_PROTOTYPES = YES;
				CLANG_WARN_SUSPICIOUS_MOVE = YES;
				CLANG_WARN_UNGUARDED_AVAILABILITY = YES_AGGRESSIVE;
				CLANG_WARN_UNREACHABLE_CODE = YES;
				CLANG_WARN__DUPLICATE_METHOD_MATCH = YES;
				COPY_PHASE_STRIP = NO;
				DEBUG_INFORMATION_FORMAT = dwarf;
				ENABLE_STRICT_OBJC_MSGSEND = YES;
				ENABLE_TESTABILITY = YES;
				GCC_C_LANGUAGE_STANDARD = gnu11;
				GCC_DYNAMIC_NO_PIC = NO;
				GCC_NO_COMMON_BLOCKS = YES;
				GCC_OPTIMIZATION_LEVEL = 0;
				GCC_PREPROCESSOR_DEFINITIONS = (
					"DEBUG=1",
					"$(inherited)",
				);
				GCC_WARN_64_TO_32_BIT_CONVERSION = YES;
				GCC_WARN_ABOUT_RETURN_TYPE = YES_ERROR;
				GCC_WARN_UNDECLARED_SELECTOR = YES;
				GCC_WARN_UNINITIALIZED_AUTOS = YES_AGGRESSIVE;
				GCC_WARN_UNUSED_FUNCTION = YES;
				GCC_WARN_UNUSED_VARIABLE = YES;
				IPHONEOS_DEPLOYMENT_TARGET = 15.0;
				MTL_ENABLE_DEBUG_INFO = INCLUDE_SOURCE;
				MTL_FAST_MATH = YES;
				ONLY_ACTIVE_ARCH = YES;
				SDKROOT = iphoneos;
				SWIFT_ACTIVE_COMPILATION_CONDITIONS = DEBUG;
				SWIFT_OPTIMIZATION_LEVEL = "-Onone";
			};
			name = Debug;
		};
		571600F92714713B002E53B9 /* Release */ = {
			isa = XCBuildConfiguration;
			buildSettings = {
				ALWAYS_SEARCH_USER_PATHS = NO;
				CLANG_ANALYZER_NONNULL = YES;
				CLANG_ANALYZER_NUMBER_OBJECT_CONVERSION = YES_AGGRESSIVE;
				CLANG_CXX_LANGUAGE_STANDARD = "gnu++17";
				CLANG_CXX_LIBRARY = "libc++";
				CLANG_ENABLE_MODULES = YES;
				CLANG_ENABLE_OBJC_ARC = YES;
				CLANG_ENABLE_OBJC_WEAK = YES;
				CLANG_WARN_BLOCK_CAPTURE_AUTORELEASING = YES;
				CLANG_WARN_BOOL_CONVERSION = YES;
				CLANG_WARN_COMMA = YES;
				CLANG_WARN_CONSTANT_CONVERSION = YES;
				CLANG_WARN_DEPRECATED_OBJC_IMPLEMENTATIONS = YES;
				CLANG_WARN_DIRECT_OBJC_ISA_USAGE = YES_ERROR;
				CLANG_WARN_DOCUMENTATION_COMMENTS = YES;
				CLANG_WARN_EMPTY_BODY = YES;
				CLANG_WARN_ENUM_CONVERSION = YES;
				CLANG_WARN_INFINITE_RECURSION = YES;
				CLANG_WARN_INT_CONVERSION = YES;
				CLANG_WARN_NON_LITERAL_NULL_CONVERSION = YES;
				CLANG_WARN_OBJC_IMPLICIT_RETAIN_SELF = YES;
				CLANG_WARN_OBJC_LITERAL_CONVERSION = YES;
				CLANG_WARN_OBJC_ROOT_CLASS = YES_ERROR;
				CLANG_WARN_QUOTED_INCLUDE_IN_FRAMEWORK_HEADER = YES;
				CLANG_WARN_RANGE_LOOP_ANALYSIS = YES;
				CLANG_WARN_STRICT_PROTOTYPES = YES;
				CLANG_WARN_SUSPICIOUS_MOVE = YES;
				CLANG_WARN_UNGUARDED_AVAILABILITY = YES_AGGRESSIVE;
				CLANG_WARN_UNREACHABLE_CODE = YES;
				CLANG_WARN__DUPLICATE_METHOD_MATCH = YES;
				COPY_PHASE_STRIP = NO;
				DEBUG_INFORMATION_FORMAT = "dwarf-with-dsym";
				ENABLE_NS_ASSERTIONS = NO;
				ENABLE_STRICT_OBJC_MSGSEND = YES;
				GCC_C_LANGUAGE_STANDARD = gnu11;
				GCC_NO_COMMON_BLOCKS = YES;
				GCC_WARN_64_TO_32_BIT_CONVERSION = YES;
				GCC_WARN_ABOUT_RETURN_TYPE = YES_ERROR;
				GCC_WARN_UNDECLARED_SELECTOR = YES;
				GCC_WARN_UNINITIALIZED_AUTOS = YES_AGGRESSIVE;
				GCC_WARN_UNUSED_FUNCTION = YES;
				GCC_WARN_UNUSED_VARIABLE = YES;
				IPHONEOS_DEPLOYMENT_TARGET = 15.0;
				MTL_ENABLE_DEBUG_INFO = NO;
				MTL_FAST_MATH = YES;
				SDKROOT = iphoneos;
				SWIFT_COMPILATION_MODE = wholemodule;
				SWIFT_OPTIMIZATION_LEVEL = "-O";
				VALIDATE_PRODUCT = YES;
			};
			name = Release;
		};
		571600FB2714713B002E53B9 /* Debug */ = {
			isa = XCBuildConfiguration;
			baseConfigurationReference = 0804574D79ADC3DCA6EE3B06 /* Pods-PocketSong.debug.xcconfig */;
			buildSettings = {
				ASSETCATALOG_COMPILER_APPICON_NAME = AppIcon;
				ASSETCATALOG_COMPILER_GLOBAL_ACCENT_COLOR_NAME = AccentColor;
				ASSETCATALOG_COMPILER_INCLUDE_ALL_APPICON_ASSETS = YES;
				CODE_SIGN_STYLE = Automatic;
				CURRENT_PROJECT_VERSION = 1;
				DEVELOPMENT_TEAM = Y45X66CA2C;
				GENERATE_INFOPLIST_FILE = YES;
				INFOPLIST_FILE = PocketSong/Info.plist;
				INFOPLIST_KEY_CFBundleDisplayName = "";
				INFOPLIST_KEY_LSApplicationCategoryType = "";
				INFOPLIST_KEY_NSFileProviderDomainUsageDescription = "";
				INFOPLIST_KEY_NSLocationAlwaysAndWhenInUseUsageDescription = "Used to Location's Info always for Using Beacon.";
				INFOPLIST_KEY_NSLocationAlwaysUsageDescription = "Used to Location's Info always for Using Beacon.";
				INFOPLIST_KEY_NSLocationWhenInUseUsageDescription = "Used to Location's Info for Using Beacon when In Use.";
				INFOPLIST_KEY_NSMicrophoneUsageDescription = "The app needs to microphone permission because recognize the song you'll record";
				INFOPLIST_KEY_UIApplicationSupportsIndirectInputEvents = YES;
				INFOPLIST_KEY_UILaunchStoryboardName = LaunchScreen;
				INFOPLIST_KEY_UIMainStoryboardFile = Main;
				INFOPLIST_KEY_UISupportedInterfaceOrientations = UIInterfaceOrientationPortrait;
				INFOPLIST_KEY_UISupportedInterfaceOrientations_iPad = "UIInterfaceOrientationPortrait UIInterfaceOrientationPortraitUpsideDown UIInterfaceOrientationLandscapeLeft UIInterfaceOrientationLandscapeRight";
				INFOPLIST_KEY_UISupportedInterfaceOrientations_iPhone = "UIInterfaceOrientationPortrait UIInterfaceOrientationLandscapeLeft UIInterfaceOrientationLandscapeRight";
				LD_RUNPATH_SEARCH_PATHS = (
					"$(inherited)",
					"@executable_path/Frameworks",
				);
				MARKETING_VERSION = 1.0;
				PRODUCT_BUNDLE_IDENTIFIER = com.seunghyeonKang.PocketSong;
				PRODUCT_NAME = "$(TARGET_NAME)";
				SWIFT_EMIT_LOC_STRINGS = YES;
				SWIFT_VERSION = 5.0;
				TARGETED_DEVICE_FAMILY = "1,2";
			};
			name = Debug;
		};
		571600FC2714713B002E53B9 /* Release */ = {
			isa = XCBuildConfiguration;
			baseConfigurationReference = C8908642AE917357CBED719E /* Pods-PocketSong.release.xcconfig */;
			buildSettings = {
				ASSETCATALOG_COMPILER_APPICON_NAME = AppIcon;
				ASSETCATALOG_COMPILER_GLOBAL_ACCENT_COLOR_NAME = AccentColor;
				ASSETCATALOG_COMPILER_INCLUDE_ALL_APPICON_ASSETS = YES;
				CODE_SIGN_STYLE = Automatic;
				CURRENT_PROJECT_VERSION = 1;
				DEVELOPMENT_TEAM = Y45X66CA2C;
				GENERATE_INFOPLIST_FILE = YES;
				INFOPLIST_FILE = PocketSong/Info.plist;
				INFOPLIST_KEY_CFBundleDisplayName = "";
				INFOPLIST_KEY_LSApplicationCategoryType = "";
				INFOPLIST_KEY_NSFileProviderDomainUsageDescription = "";
				INFOPLIST_KEY_NSLocationAlwaysAndWhenInUseUsageDescription = "Used to Location's Info always for Using Beacon.";
				INFOPLIST_KEY_NSLocationAlwaysUsageDescription = "Used to Location's Info always for Using Beacon.";
				INFOPLIST_KEY_NSLocationWhenInUseUsageDescription = "Used to Location's Info for Using Beacon when In Use.";
				INFOPLIST_KEY_NSMicrophoneUsageDescription = "The app needs to microphone permission because recognize the song you'll record";
				INFOPLIST_KEY_UIApplicationSupportsIndirectInputEvents = YES;
				INFOPLIST_KEY_UILaunchStoryboardName = LaunchScreen;
				INFOPLIST_KEY_UIMainStoryboardFile = Main;
				INFOPLIST_KEY_UISupportedInterfaceOrientations = UIInterfaceOrientationPortrait;
				INFOPLIST_KEY_UISupportedInterfaceOrientations_iPad = "UIInterfaceOrientationPortrait UIInterfaceOrientationPortraitUpsideDown UIInterfaceOrientationLandscapeLeft UIInterfaceOrientationLandscapeRight";
				INFOPLIST_KEY_UISupportedInterfaceOrientations_iPhone = "UIInterfaceOrientationPortrait UIInterfaceOrientationLandscapeLeft UIInterfaceOrientationLandscapeRight";
				LD_RUNPATH_SEARCH_PATHS = (
					"$(inherited)",
					"@executable_path/Frameworks",
				);
				MARKETING_VERSION = 1.0;
				PRODUCT_BUNDLE_IDENTIFIER = com.seunghyeonKang.PocketSong;
				PRODUCT_NAME = "$(TARGET_NAME)";
				SWIFT_EMIT_LOC_STRINGS = YES;
				SWIFT_VERSION = 5.0;
				TARGETED_DEVICE_FAMILY = "1,2";
			};
			name = Release;
		};
/* End XCBuildConfiguration section */

/* Begin XCConfigurationList section */
		571600DE27147134002E53B9 /* Build configuration list for PBXProject "PocketSong" */ = {
			isa = XCConfigurationList;
			buildConfigurations = (
				571600F82714713B002E53B9 /* Debug */,
				571600F92714713B002E53B9 /* Release */,
			);
			defaultConfigurationIsVisible = 0;
			defaultConfigurationName = Release;
		};
		571600FA2714713B002E53B9 /* Build configuration list for PBXNativeTarget "PocketSong" */ = {
			isa = XCConfigurationList;
			buildConfigurations = (
				571600FB2714713B002E53B9 /* Debug */,
				571600FC2714713B002E53B9 /* Release */,
			);
			defaultConfigurationIsVisible = 0;
			defaultConfigurationName = Release;
		};
/* End XCConfigurationList section */

/* Begin XCVersionGroup section */
		571600EF27147134002E53B9 /* PocketSong.xcdatamodeld */ = {
			isa = XCVersionGroup;
			children = (
				571600F027147134002E53B9 /* PocketSong.xcdatamodel */,
			);
			currentVersion = 571600F027147134002E53B9 /* PocketSong.xcdatamodel */;
			path = PocketSong.xcdatamodeld;
			sourceTree = "<group>";
			versionGroupType = wrapper.xcdatamodel;
		};
/* End XCVersionGroup section */
	};
	rootObject = 571600DB27147134002E53B9 /* Project object */;
}
